
Microsoft Visual Studio Solution File, Format Version 12.00
# Visual Studio Version 17
VisualStudioVersion = 17.14.37012.4
MinimumVisualStudioVersion = 10.0.40219.1
Project("{FAE04EC0-301F-11D3-BF4B-00C04F79EFBC}") = "DR4_TP2", "DR4_TP2.csproj", "{28F8F9FB-A40F-4215-BA21-804C632032EE}"
EndProject
Global
	GlobalSection(SolutionConfigurationPlatforms) = preSolution
		Debug|Any CPU = Debug|Any CPU
		Release|Any CPU = Release|Any CPU
	EndGlobalSection
	GlobalSection(ProjectConfigurationPlatforms) = postSolution
		{28F8F9FB-A40F-4215-BA21-804C632032EE}.Debug|Any CPU.ActiveCfg = Debug|Any CPU
		{28F8F9FB-A40F-4215-BA21-804C632032EE}.Debug|Any CPU.Build.0 = Debug|Any CPU
		{28F8F9FB-A40F-4215-BA21-804C632032EE}.Release|Any CPU.ActiveCfg = Release|Any CPU
		{28F8F9FB-A40F-4215-BA21-804C632032EE}.Release|Any CPU.Build.0 = Release|Any CPU
	EndGlobalSection
	GlobalSection(SolutionProperties) = preSolution
		HideSolutionNode = FALSE
	EndGlobalSection
	GlobalSection(ExtensibilityGlobals) = postSolution
		SolutionGuid = {8620220F-7469-4E8F-95B9-83B3637CDCE3}
	EndGlobalSection
EndGlobal
